
Microsoft Visual Studio Solution File, Format Version 12.00
# Visual Studio 15
VisualStudioVersion = 15.0.28307.136
MinimumVisualStudioVersion = 10.0.40219.1
Project("{8BC9CEB8-8B4A-11D0-8D11-00A0C91BC942}") = "shape", "shape\shape.vcxproj", "{46BBA93F-F9C9-4587-AE95-03CA73DB4EFA}"
EndProject
Project("{8BC9CEB8-8B4A-11D0-8D11-00A0C91BC942}") = "shape_test", "shape_test\shape_test.vcxproj", "{F822D1A3-4A58-4C5C-9EAE-89D6BCAFCE89}"
EndProject
Global
	GlobalSection(SolutionConfigurationPlatforms) = preSolution
		Debug|x64 = Debug|x64
		Debug|x86 = Debug|x86
		Release|x64 = Release|x64
		Release|x86 = Release|x86
	EndGlobalSection
	GlobalSection(ProjectConfigurationPlatforms) = postSolution
		{46BBA93F-F9C9-4587-AE95-03CA73DB4EFA}.Debug|x64.ActiveCfg = Debug|x64
		{46BBA93F-F9C9-4587-AE95-03CA73DB4EFA}.Debug|x64.Build.0 = Debug|x64
		{46BBA93F-F9C9-4587-AE95-03CA73DB4EFA}.Debug|x86.ActiveCfg = Debug|Win32
		{46BBA93F-F9C9-4587-AE95-03CA73DB4EFA}.Debug|x86.Build.0 = Debug|Win32
		{46BBA93F-F9C9-4587-AE95-03CA73DB4EFA}.Release|x64.ActiveCfg = Release|x64
		{46BBA93F-F9C9-4587-AE95-03CA73DB4EFA}.Release|x64.Build.0 = Release|x64
		{46BBA93F-F9C9-4587-AE95-03CA73DB4EFA}.Release|x86.ActiveCfg = Release|Win32
		{46BBA93F-F9C9-4587-AE95-03CA73DB4EFA}.Release|x86.Build.0 = Release|Win32
		{F822D1A3-4A58-4C5C-9EAE-89D6BCAFCE89}.Debug|x64.ActiveCfg = Debug|x64
		{F822D1A3-4A58-4C5C-9EAE-89D6BCAFCE89}.Debug|x64.Build.0 = Debug|x64
		{F822D1A3-4A58-4C5C-9EAE-89D6BCAFCE89}.Debug|x86.ActiveCfg = Debug|Win32
		{F822D1A3-4A58-4C5C-9EAE-89D6BCAFCE89}.Debug|x86.Build.0 = Debug|Win32
		{F822D1A3-4A58-4C5C-9EAE-89D6BCAFCE89}.Release|x64.ActiveCfg = Release|x64
		{F822D1A3-4A58-4C5C-9EAE-89D6BCAFCE89}.Release|x64.Build.0 = Release|x64
		{F822D1A3-4A58-4C5C-9EAE-89D6BCAFCE89}.Release|x86.ActiveCfg = Release|Win32
		{F822D1A3-4A58-4C5C-9EAE-89D6BCAFCE89}.Release|x86.Build.0 = Release|Win32
	EndGlobalSection
	GlobalSection(SolutionProperties) = preSolution
		HideSolutionNode = FALSE
	EndGlobalSection
	GlobalSection(ExtensibilityGlobals) = postSolution
		SolutionGuid = {77D03258-8EAA-49A4-85A1-9E583043FEAD}
	EndGlobalSection
EndGlobal
